{
    "_readme": [
        "This file locks the dependencies of your project to a known state",
        "Read more about it at https://getcomposer.org/doc/01-basic-usage.md#installing-dependencies",
        "This file is @generated automatically"
    ],
    "content-hash": "ce00d08679a203fbef9a2d56addbb3db",
    "packages": [
        {
            "name": "jetbrains/phpstorm-stubs",
            "version": "v2023.3",
            "source": {
                "type": "git",
                "url": "https://github.com/JetBrains/phpstorm-stubs.git",
                "reference": "99d8bcab934ae5362f33660b1cd4b8c4d617c40b"
            },
            "dist": {
                "type": "zip",
                "url": "https://api.github.com/repos/JetBrains/phpstorm-stubs/zipball/99d8bcab934ae5362f33660b1cd4b8c4d617c40b",
                "reference": "99d8bcab934ae5362f33660b1cd4b8c4d617c40b",
                "shasum": ""
            },
            "require-dev": {
                "friendsofphp/php-cs-fixer": "@stable",
                "nikic/php-parser": "@stable",
                "php": "^8.0",
                "phpdocumentor/reflection-docblock": "@stable",
                "phpunit/phpunit": "^9.6"
            },
            "type": "library",
            "autoload": {
                "files": [
                    "PhpStormStubsMap.php"
                ]
            },
            "notification-url": "https://packagist.org/downloads/",
            "license": [
                "Apache-2.0"
            ],
            "description": "PHP runtime & extensions header files for PhpStorm",
            "homepage": "https://www.jetbrains.com/phpstorm",
            "keywords": [
                "autocomplete",
                "code",
                "inference",
                "inspection",
                "jetbrains",
                "phpstorm",
                "stubs",
                "type"
            ],
            "support": {
                "source": "https://github.com/JetBrains/phpstorm-stubs/tree/v2023.3"
            },
            "time": "2023-11-01T18:52:29+00:00"
        },
        {
            "name": "nikic/php-parser",
            "version": "v4.18.0",
            "source": {
                "type": "git",
                "url": "https://github.com/nikic/PHP-Parser.git",
                "reference": "1bcbb2179f97633e98bbbc87044ee2611c7d7999"
            },
            "dist": {
                "type": "zip",
                "url": "https://api.github.com/repos/nikic/PHP-Parser/zipball/1bcbb2179f97633e98bbbc87044ee2611c7d7999",
                "reference": "1bcbb2179f97633e98bbbc87044ee2611c7d7999",
                "shasum": ""
            },
            "require": {
                "ext-tokenizer": "*",
                "php": ">=7.0"
            },
            "require-dev": {
                "ircmaxell/php-yacc": "^0.0.7",
                "phpunit/phpunit": "^6.5 || ^7.0 || ^8.0 || ^9.0"
            },
            "bin": [
                "bin/php-parse"
            ],
            "type": "library",
            "extra": {
                "branch-alias": {
                    "dev-master": "4.9-dev"
                }
            },
            "autoload": {
                "psr-4": {
                    "PhpParser\\": "lib/PhpParser"
                }
            },
            "notification-url": "https://packagist.org/downloads/",
            "license": [
                "BSD-3-Clause"
            ],
            "authors": [
                {
                    "name": "Nikita Popov"
                }
            ],
            "description": "A PHP parser written in PHP",
            "keywords": [
                "parser",
                "php"
            ],
            "support": {
                "issues": "https://github.com/nikic/PHP-Parser/issues",
                "source": "https://github.com/nikic/PHP-Parser/tree/v4.18.0"
            },
            "time": "2023-12-10T21:03:43+00:00"
        },
        {
            "name": "roave/signature",
            "version": "1.8.0",
            "source": {
                "type": "git",
                "url": "https://github.com/Roave/Signature.git",
                "reference": "f92ce20f82c9a1df3b50fc56fbdaeb82cf4c9c5b"
            },
            "dist": {
                "type": "zip",
                "url": "https://api.github.com/repos/Roave/Signature/zipball/f92ce20f82c9a1df3b50fc56fbdaeb82cf4c9c5b",
                "reference": "f92ce20f82c9a1df3b50fc56fbdaeb82cf4c9c5b",
                "shasum": ""
            },
            "require": {
                "php": "~8.0.0 || ~8.1.0 || ~8.2.0 || ~8.3.0"
            },
            "require-dev": {
                "doctrine/coding-standard": "^12.0.0",
                "infection/infection": "^0.26.19",
                "phpunit/phpunit": "^9.6.7",
                "vimeo/psalm": "^5.9.0"
            },
            "type": "library",
            "autoload": {
                "psr-4": {
                    "Roave\\Signature\\": "src"
                }
            },
            "notification-url": "https://packagist.org/downloads/",
            "license": [
                "MIT"
            ],
            "description": "Sign and verify stuff",
            "support": {
                "issues": "https://github.com/Roave/Signature/issues",
                "source": "https://github.com/Roave/Signature/tree/1.8.0"
            },
            "time": "2023-11-25T00:11:29+00:00"
        }
    ],
    "packages-dev": [],
    "aliases": [],
    "minimum-stability": "dev",
    "stability-flags": [],
    "prefer-stable": true,
    "prefer-lowest": false,
    "platform": {
        "php": "~8.2.0 || ~8.3.2",
        "ext-json": "*"
    },
    "platform-dev": [],
    "plugin-api-version": "2.6.0"
}
